{
  "version": 4,
  "terraform_version": "1.14.3",
  "serial": 5,
  "lineage": "9b19f8f5-d579-84d3-ed21-ae5a448c304e",
  "outputs": {},
  "resources": [
    {
      "mode": "managed",
      "type": "azurerm_resource_group",
      "name": "aks-rg2",
      "provider": "provider[\"registry.terraform.io/hashicorp/azurerm\"]",
      "instances": [
        {
          "schema_version": 0,
          "attributes": {
            "id": "/subscriptions/fe496fba-d67f-421e-b553-8075cd0da353/resourceGroups/aks-rg2-dev",
            "location": "swedencentral",
            "managed_by": "",
            "name": "aks-rg2-dev",
            "tags": {},
            "timeouts": null
          },
          "sensitive_attributes": [],
          "identity_schema_version": 0,
          "identity": {
            "name": "aks-rg2-dev",
            "subscription_id": "fe496fba-d67f-421e-b553-8075cd0da353"
          },
          "private": "eyJlMmJmYjczMC1lY2FhLTExZTYtOGY4OC0zNDM2M2JjN2M0YzAiOnsiY3JlYXRlIjo1NDAwMDAwMDAwMDAwLCJkZWxldGUiOjU0MDAwMDAwMDAwMDAsInJlYWQiOjMwMDAwMDAwMDAwMCwidXBkYXRlIjo1NDAwMDAwMDAwMDAwfX0="
        }
      ]
    }
  ],
  "check_results": null
}
